
Microsoft Visual Studio Solution File, Format Version 12.00
# Visual Studio Version 17
VisualStudioVersion = 17.14.36518.9 d17.14
MinimumVisualStudioVersion = 10.0.40219.1
Project("{FAE04EC0-301F-11D3-BF4B-00C04F79EFBC}") = "Advanced LINQ", "Advanced LINQ.csproj", "{37DD5F34-2A2D-47D0-A4C5-786BCEC9D887}"
EndProject
Global
	GlobalSection(SolutionConfigurationPlatforms) = preSolution
		Debug|Any CPU = Debug|Any CPU
		Release|Any CPU = Release|Any CPU
	EndGlobalSection
	GlobalSection(ProjectConfigurationPlatforms) = postSolution
		{37DD5F34-2A2D-47D0-A4C5-786BCEC9D887}.Debug|Any CPU.ActiveCfg = Debug|Any CPU
		{37DD5F34-2A2D-47D0-A4C5-786BCEC9D887}.Debug|Any CPU.Build.0 = Debug|Any CPU
		{37DD5F34-2A2D-47D0-A4C5-786BCEC9D887}.Release|Any CPU.ActiveCfg = Release|Any CPU
		{37DD5F34-2A2D-47D0-A4C5-786BCEC9D887}.Release|Any CPU.Build.0 = Release|Any CPU
	EndGlobalSection
	GlobalSection(SolutionProperties) = preSolution
		HideSolutionNode = FALSE
	EndGlobalSection
	GlobalSection(ExtensibilityGlobals) = postSolution
		SolutionGuid = {799F56BC-0A2C-4F78-BE80-729926EB3776}
	EndGlobalSection
EndGlobal
