
Microsoft Visual Studio Solution File, Format Version 12.00
# Visual Studio Version 17
VisualStudioVersion = 17.14.36518.9 d17.14
MinimumVisualStudioVersion = 10.0.40219.1
Project("{FAE04EC0-301F-11D3-BF4B-00C04F79EFBC}") = "RandomNumber", "RandomNumber.csproj", "{0BF0B7F1-F03F-4800-8D0C-718912EE5754}"
EndProject
Global
	GlobalSection(SolutionConfigurationPlatforms) = preSolution
		Debug|Any CPU = Debug|Any CPU
		Release|Any CPU = Release|Any CPU
	EndGlobalSection
	GlobalSection(ProjectConfigurationPlatforms) = postSolution
		{0BF0B7F1-F03F-4800-8D0C-718912EE5754}.Debug|Any CPU.ActiveCfg = Debug|Any CPU
		{0BF0B7F1-F03F-4800-8D0C-718912EE5754}.Debug|Any CPU.Build.0 = Debug|Any CPU
		{0BF0B7F1-F03F-4800-8D0C-718912EE5754}.Release|Any CPU.ActiveCfg = Release|Any CPU
		{0BF0B7F1-F03F-4800-8D0C-718912EE5754}.Release|Any CPU.Build.0 = Release|Any CPU
	EndGlobalSection
	GlobalSection(SolutionProperties) = preSolution
		HideSolutionNode = FALSE
	EndGlobalSection
	GlobalSection(ExtensibilityGlobals) = postSolution
		SolutionGuid = {B7C88EC5-B99F-40F7-B251-0FFF109F0378}
	EndGlobalSection
EndGlobal
