
Microsoft Visual Studio Solution File, Format Version 12.00
# Visual Studio Version 17
VisualStudioVersion = 17.14.36518.9 d17.14
MinimumVisualStudioVersion = 10.0.40219.1
Project("{FAE04EC0-301F-11D3-BF4B-00C04F79EFBC}") = "Reflection", "Reflection.csproj", "{14C140D8-40D2-45CC-887A-7A4A6F6CA2DC}"
EndProject
Global
	GlobalSection(SolutionConfigurationPlatforms) = preSolution
		Debug|Any CPU = Debug|Any CPU
		Release|Any CPU = Release|Any CPU
	EndGlobalSection
	GlobalSection(ProjectConfigurationPlatforms) = postSolution
		{14C140D8-40D2-45CC-887A-7A4A6F6CA2DC}.Debug|Any CPU.ActiveCfg = Debug|Any CPU
		{14C140D8-40D2-45CC-887A-7A4A6F6CA2DC}.Debug|Any CPU.Build.0 = Debug|Any CPU
		{14C140D8-40D2-45CC-887A-7A4A6F6CA2DC}.Release|Any CPU.ActiveCfg = Release|Any CPU
		{14C140D8-40D2-45CC-887A-7A4A6F6CA2DC}.Release|Any CPU.Build.0 = Release|Any CPU
	EndGlobalSection
	GlobalSection(SolutionProperties) = preSolution
		HideSolutionNode = FALSE
	EndGlobalSection
	GlobalSection(ExtensibilityGlobals) = postSolution
		SolutionGuid = {7864A659-72B6-407E-9C6D-E5513816C7CD}
	EndGlobalSection
EndGlobal
