
Microsoft Visual Studio Solution File, Format Version 12.00
# Visual Studio Version 17
VisualStudioVersion = 17.14.36518.9 d17.14
MinimumVisualStudioVersion = 10.0.40219.1
Project("{FAE04EC0-301F-11D3-BF4B-00C04F79EFBC}") = "Interfaces", "Interfaces.csproj", "{06BEFA44-7EC6-410C-8093-3945B8BEEA5C}"
EndProject
Global
	GlobalSection(SolutionConfigurationPlatforms) = preSolution
		Debug|Any CPU = Debug|Any CPU
		Release|Any CPU = Release|Any CPU
	EndGlobalSection
	GlobalSection(ProjectConfigurationPlatforms) = postSolution
		{06BEFA44-7EC6-410C-8093-3945B8BEEA5C}.Debug|Any CPU.ActiveCfg = Debug|Any CPU
		{06BEFA44-7EC6-410C-8093-3945B8BEEA5C}.Debug|Any CPU.Build.0 = Debug|Any CPU
		{06BEFA44-7EC6-410C-8093-3945B8BEEA5C}.Release|Any CPU.ActiveCfg = Release|Any CPU
		{06BEFA44-7EC6-410C-8093-3945B8BEEA5C}.Release|Any CPU.Build.0 = Release|Any CPU
	EndGlobalSection
	GlobalSection(SolutionProperties) = preSolution
		HideSolutionNode = FALSE
	EndGlobalSection
	GlobalSection(ExtensibilityGlobals) = postSolution
		SolutionGuid = {058A0D56-DF53-4E53-834D-16599C5D8EEB}
	EndGlobalSection
EndGlobal
